
Microsoft Visual Studio Solution File, Format Version 12.00
# Visual Studio Version 17
VisualStudioVersion = 17.5.2.0
MinimumVisualStudioVersion = 10.0.40219.1
Project("{9A19103F-16F7-4668-BE54-9A1E7A4F7556}") = "Unai.ExtendedBinaryWaterfall", "Unai.ExtendedBinaryWaterfall\Unai.ExtendedBinaryWaterfall.csproj", "{A62F55CB-160E-49D6-BD67-E09A97E13736}"
EndProject
Project("{FAE04EC0-301F-11D3-BF4B-00C04F79EFBC}") = "Unai.ExtendedBinaryWaterfall.Cli", "Unai.ExtendedBinaryWaterfall.Cli\Unai.ExtendedBinaryWaterfall.Cli.csproj", "{EFD64170-682A-4AD8-9BA9-69CF27171D7B}"
EndProject
Project("{FAE04EC0-301F-11D3-BF4B-00C04F79EFBC}") = "Unai.ExtendedBinaryWaterfall.Gui.EtoForms", "Unai.ExtendedBinaryWaterfall.Gui.EtoForms\Unai.ExtendedBinaryWaterfall.Gui.EtoForms.csproj", "{BB3FA29F-3BB9-47F4-B46C-D8C94176B5CB}"
EndProject
Project("{FAE04EC0-301F-11D3-BF4B-00C04F79EFBC}") = "Unai.ExtendedBinaryWaterfall.Gui.EtoForms.Gtk", "Unai.ExtendedBinaryWaterfall.Gui.EtoForms.Gtk\Unai.ExtendedBinaryWaterfall.Gui.EtoForms.Gtk.csproj", "{C78CFB61-79EF-4D99-AD0C-C891A14B0704}"
EndProject
Project("{FAE04EC0-301F-11D3-BF4B-00C04F79EFBC}") = "Unai.ExtendedBinaryWaterfall.Gui.EtoForms.Mac", "Unai.ExtendedBinaryWaterfall.Gui.EtoForms.Mac\Unai.ExtendedBinaryWaterfall.Gui.EtoForms.Mac.csproj", "{06B3A7FA-A77C-41B8-BB38-88E03A32DE26}"
EndProject
Project("{FAE04EC0-301F-11D3-BF4B-00C04F79EFBC}") = "Unai.ExtendedBinaryWaterfall.Gui.EtoForms.Wpf", "Unai.ExtendedBinaryWaterfall.Gui.EtoForms.Wpf\Unai.ExtendedBinaryWaterfall.Gui.EtoForms.Wpf.csproj", "{D8395E55-11F3-439A-B507-5B31ED5FB94E}"
EndProject
Global
	GlobalSection(SolutionConfigurationPlatforms) = preSolution
		Debug|Any CPU = Debug|Any CPU
		Debug|x64 = Debug|x64
		Debug|x86 = Debug|x86
		Release|Any CPU = Release|Any CPU
		Release|x64 = Release|x64
		Release|x86 = Release|x86
	EndGlobalSection
	GlobalSection(ProjectConfigurationPlatforms) = postSolution
		{A62F55CB-160E-49D6-BD67-E09A97E13736}.Debug|Any CPU.ActiveCfg = Debug|Any CPU
		{A62F55CB-160E-49D6-BD67-E09A97E13736}.Debug|Any CPU.Build.0 = Debug|Any CPU
		{A62F55CB-160E-49D6-BD67-E09A97E13736}.Debug|x64.ActiveCfg = Debug|Any CPU
		{A62F55CB-160E-49D6-BD67-E09A97E13736}.Debug|x64.Build.0 = Debug|Any CPU
		{A62F55CB-160E-49D6-BD67-E09A97E13736}.Debug|x86.ActiveCfg = Debug|Any CPU
		{A62F55CB-160E-49D6-BD67-E09A97E13736}.Debug|x86.Build.0 = Debug|Any CPU
		{A62F55CB-160E-49D6-BD67-E09A97E13736}.Release|Any CPU.ActiveCfg = Release|Any CPU
		{A62F55CB-160E-49D6-BD67-E09A97E13736}.Release|Any CPU.Build.0 = Release|Any CPU
		{A62F55CB-160E-49D6-BD67-E09A97E13736}.Release|x64.ActiveCfg = Release|Any CPU
		{A62F55CB-160E-49D6-BD67-E09A97E13736}.Release|x64.Build.0 = Release|Any CPU
		{A62F55CB-160E-49D6-BD67-E09A97E13736}.Release|x86.ActiveCfg = Release|Any CPU
		{A62F55CB-160E-49D6-BD67-E09A97E13736}.Release|x86.Build.0 = Release|Any CPU
		{EFD64170-682A-4AD8-9BA9-69CF27171D7B}.Debug|Any CPU.ActiveCfg = Debug|Any CPU
		{EFD64170-682A-4AD8-9BA9-69CF27171D7B}.Debug|Any CPU.Build.0 = Debug|Any CPU
		{EFD64170-682A-4AD8-9BA9-69CF27171D7B}.Debug|x64.ActiveCfg = Debug|Any CPU
		{EFD64170-682A-4AD8-9BA9-69CF27171D7B}.Debug|x64.Build.0 = Debug|Any CPU
		{EFD64170-682A-4AD8-9BA9-69CF27171D7B}.Debug|x86.ActiveCfg = Debug|Any CPU
		{EFD64170-682A-4AD8-9BA9-69CF27171D7B}.Debug|x86.Build.0 = Debug|Any CPU
		{EFD64170-682A-4AD8-9BA9-69CF27171D7B}.Release|Any CPU.ActiveCfg = Release|Any CPU
		{EFD64170-682A-4AD8-9BA9-69CF27171D7B}.Release|Any CPU.Build.0 = Release|Any CPU
		{EFD64170-682A-4AD8-9BA9-69CF27171D7B}.Release|x64.ActiveCfg = Release|Any CPU
		{EFD64170-682A-4AD8-9BA9-69CF27171D7B}.Release|x64.Build.0 = Release|Any CPU
		{EFD64170-682A-4AD8-9BA9-69CF27171D7B}.Release|x86.ActiveCfg = Release|Any CPU
		{EFD64170-682A-4AD8-9BA9-69CF27171D7B}.Release|x86.Build.0 = Release|Any CPU
		{BB3FA29F-3BB9-47F4-B46C-D8C94176B5CB}.Debug|Any CPU.ActiveCfg = Debug|Any CPU
		{BB3FA29F-3BB9-47F4-B46C-D8C94176B5CB}.Debug|Any CPU.Build.0 = Debug|Any CPU
		{BB3FA29F-3BB9-47F4-B46C-D8C94176B5CB}.Debug|x64.ActiveCfg = Debug|Any CPU
		{BB3FA29F-3BB9-47F4-B46C-D8C94176B5CB}.Debug|x64.Build.0 = Debug|Any CPU
		{BB3FA29F-3BB9-47F4-B46C-D8C94176B5CB}.Debug|x86.ActiveCfg = Debug|Any CPU
		{BB3FA29F-3BB9-47F4-B46C-D8C94176B5CB}.Debug|x86.Build.0 = Debug|Any CPU
		{BB3FA29F-3BB9-47F4-B46C-D8C94176B5CB}.Release|Any CPU.ActiveCfg = Release|Any CPU
		{BB3FA29F-3BB9-47F4-B46C-D8C94176B5CB}.Release|Any CPU.Build.0 = Release|Any CPU
		{BB3FA29F-3BB9-47F4-B46C-D8C94176B5CB}.Release|x64.ActiveCfg = Release|Any CPU
		{BB3FA29F-3BB9-47F4-B46C-D8C94176B5CB}.Release|x64.Build.0 = Release|Any CPU
		{BB3FA29F-3BB9-47F4-B46C-D8C94176B5CB}.Release|x86.ActiveCfg = Release|Any CPU
		{BB3FA29F-3BB9-47F4-B46C-D8C94176B5CB}.Release|x86.Build.0 = Release|Any CPU
		{C78CFB61-79EF-4D99-AD0C-C891A14B0704}.Debug|Any CPU.ActiveCfg = Debug|Any CPU
		{C78CFB61-79EF-4D99-AD0C-C891A14B0704}.Debug|Any CPU.Build.0 = Debug|Any CPU
		{C78CFB61-79EF-4D99-AD0C-C891A14B0704}.Debug|x64.ActiveCfg = Debug|Any CPU
		{C78CFB61-79EF-4D99-AD0C-C891A14B0704}.Debug|x64.Build.0 = Debug|Any CPU
		{C78CFB61-79EF-4D99-AD0C-C891A14B0704}.Debug|x86.ActiveCfg = Debug|Any CPU
		{C78CFB61-79EF-4D99-AD0C-C891A14B0704}.Debug|x86.Build.0 = Debug|Any CPU
		{C78CFB61-79EF-4D99-AD0C-C891A14B0704}.Release|Any CPU.ActiveCfg = Release|Any CPU
		{C78CFB61-79EF-4D99-AD0C-C891A14B0704}.Release|Any CPU.Build.0 = Release|Any CPU
		{C78CFB61-79EF-4D99-AD0C-C891A14B0704}.Release|x64.ActiveCfg = Release|Any CPU
		{C78CFB61-79EF-4D99-AD0C-C891A14B0704}.Release|x64.Build.0 = Release|Any CPU
		{C78CFB61-79EF-4D99-AD0C-C891A14B0704}.Release|x86.ActiveCfg = Release|Any CPU
		{C78CFB61-79EF-4D99-AD0C-C891A14B0704}.Release|x86.Build.0 = Release|Any CPU
		{06B3A7FA-A77C-41B8-BB38-88E03A32DE26}.Debug|Any CPU.ActiveCfg = Debug|Any CPU
		{06B3A7FA-A77C-41B8-BB38-88E03A32DE26}.Debug|Any CPU.Build.0 = Debug|Any CPU
		{06B3A7FA-A77C-41B8-BB38-88E03A32DE26}.Debug|x64.ActiveCfg = Debug|Any CPU
		{06B3A7FA-A77C-41B8-BB38-88E03A32DE26}.Debug|x64.Build.0 = Debug|Any CPU
		{06B3A7FA-A77C-41B8-BB38-88E03A32DE26}.Debug|x86.ActiveCfg = Debug|Any CPU
		{06B3A7FA-A77C-41B8-BB38-88E03A32DE26}.Debug|x86.Build.0 = Debug|Any CPU
		{06B3A7FA-A77C-41B8-BB38-88E03A32DE26}.Release|Any CPU.ActiveCfg = Release|Any CPU
		{06B3A7FA-A77C-41B8-BB38-88E03A32DE26}.Release|Any CPU.Build.0 = Release|Any CPU
		{06B3A7FA-A77C-41B8-BB38-88E03A32DE26}.Release|x64.ActiveCfg = Release|Any CPU
		{06B3A7FA-A77C-41B8-BB38-88E03A32DE26}.Release|x64.Build.0 = Release|Any CPU
		{06B3A7FA-A77C-41B8-BB38-88E03A32DE26}.Release|x86.ActiveCfg = Release|Any CPU
		{06B3A7FA-A77C-41B8-BB38-88E03A32DE26}.Release|x86.Build.0 = Release|Any CPU
		{D8395E55-11F3-439A-B507-5B31ED5FB94E}.Debug|Any CPU.ActiveCfg = Debug|Any CPU
		{D8395E55-11F3-439A-B507-5B31ED5FB94E}.Debug|Any CPU.Build.0 = Debug|Any CPU
		{D8395E55-11F3-439A-B507-5B31ED5FB94E}.Debug|x64.ActiveCfg = Debug|Any CPU
		{D8395E55-11F3-439A-B507-5B31ED5FB94E}.Debug|x64.Build.0 = Debug|Any CPU
		{D8395E55-11F3-439A-B507-5B31ED5FB94E}.Debug|x86.ActiveCfg = Debug|Any CPU
		{D8395E55-11F3-439A-B507-5B31ED5FB94E}.Debug|x86.Build.0 = Debug|Any CPU
		{D8395E55-11F3-439A-B507-5B31ED5FB94E}.Release|Any CPU.ActiveCfg = Release|Any CPU
		{D8395E55-11F3-439A-B507-5B31ED5FB94E}.Release|Any CPU.Build.0 = Release|Any CPU
		{D8395E55-11F3-439A-B507-5B31ED5FB94E}.Release|x64.ActiveCfg = Release|Any CPU
		{D8395E55-11F3-439A-B507-5B31ED5FB94E}.Release|x64.Build.0 = Release|Any CPU
		{D8395E55-11F3-439A-B507-5B31ED5FB94E}.Release|x86.ActiveCfg = Release|Any CPU
		{D8395E55-11F3-439A-B507-5B31ED5FB94E}.Release|x86.Build.0 = Release|Any CPU
	EndGlobalSection
	GlobalSection(SolutionProperties) = preSolution
		HideSolutionNode = FALSE
	EndGlobalSection
	GlobalSection(ExtensibilityGlobals) = postSolution
		SolutionGuid = {57D9CD7F-2CDB-4B09-BF06-6D491F7B2104}
	EndGlobalSection
EndGlobal
